
Microsoft Visual Studio Solution File, Format Version 12.00
# Visual Studio Version 16
VisualStudioVersion = 16.0.29009.5
MinimumVisualStudioVersion = 10.0.40219.1
Project("{9A19103F-16F7-4668-BE54-9A1E7A4F7556}") = "API", "API\API.csproj", "{5D0B2491-5294-44FF-843F-3EFF229C6F32}"
EndProject
Project("{9A19103F-16F7-4668-BE54-9A1E7A4F7556}") = "ReactFrontend", "ReactFrontend\ReactFrontend.csproj", "{92139F7D-2FFE-4099-B99B-EA41D9002BD9}"
EndProject
Project("{9A19103F-16F7-4668-BE54-9A1E7A4F7556}") = "MQTTClient", "MQTTClient\MQTTClient.csproj", "{69B58B96-A729-4BF2-978E-D23DF316759C}"
EndProject
Global
	GlobalSection(SolutionConfigurationPlatforms) = preSolution
		Debug|Any CPU = Debug|Any CPU
		Release|Any CPU = Release|Any CPU
	EndGlobalSection
	GlobalSection(ProjectConfigurationPlatforms) = postSolution
		{5D0B2491-5294-44FF-843F-3EFF229C6F32}.Debug|Any CPU.ActiveCfg = Debug|Any CPU
		{5D0B2491-5294-44FF-843F-3EFF229C6F32}.Debug|Any CPU.Build.0 = Debug|Any CPU
		{5D0B2491-5294-44FF-843F-3EFF229C6F32}.Release|Any CPU.ActiveCfg = Release|Any CPU
		{5D0B2491-5294-44FF-843F-3EFF229C6F32}.Release|Any CPU.Build.0 = Release|Any CPU
		{92139F7D-2FFE-4099-B99B-EA41D9002BD9}.Debug|Any CPU.ActiveCfg = Debug|Any CPU
		{92139F7D-2FFE-4099-B99B-EA41D9002BD9}.Debug|Any CPU.Build.0 = Debug|Any CPU
		{92139F7D-2FFE-4099-B99B-EA41D9002BD9}.Release|Any CPU.ActiveCfg = Release|Any CPU
		{92139F7D-2FFE-4099-B99B-EA41D9002BD9}.Release|Any CPU.Build.0 = Release|Any CPU
		{69B58B96-A729-4BF2-978E-D23DF316759C}.Debug|Any CPU.ActiveCfg = Debug|Any CPU
		{69B58B96-A729-4BF2-978E-D23DF316759C}.Debug|Any CPU.Build.0 = Debug|Any CPU
		{69B58B96-A729-4BF2-978E-D23DF316759C}.Release|Any CPU.ActiveCfg = Release|Any CPU
		{69B58B96-A729-4BF2-978E-D23DF316759C}.Release|Any CPU.Build.0 = Release|Any CPU
	EndGlobalSection
	GlobalSection(SolutionProperties) = preSolution
		HideSolutionNode = FALSE
	EndGlobalSection
	GlobalSection(ExtensibilityGlobals) = postSolution
		SolutionGuid = {A00C3D77-4D2D-4F31-8E09-6E083BED6BA1}
	EndGlobalSection
EndGlobal
